// !$*UTF8*$!
{
	archiveVersion = 1;
	classes = {
	};
	objectVersion = 46;
	objects = {

/* Begin PBXBuildFile section */
		3C040D63A438906FDDF4D4A7 /* libPods.a in Frameworks */ = {isa = PBXBuildFile; fileRef = F0EB7DC3A3FB88FA952E82E7 /* libPods.a */; };
		D034FC8F1AE5B1C500B3EDD2 /* AppDelegate.swift in Sources */ = {isa = PBXBuildFile; fileRef = D034FC8E1AE5B1C500B3EDD2 /* AppDelegate.swift */; };
		D034FC941AE5B1C500B3EDD2 /* Main.storyboard in Resources */ = {isa = PBXBuildFile; fileRef = D034FC921AE5B1C500B3EDD2 /* Main.storyboard */; };
		D034FC961AE5B1C500B3EDD2 /* Images.xcassets in Resources */ = {isa = PBXBuildFile; fileRef = D034FC951AE5B1C500B3EDD2 /* Images.xcassets */; };
		D034FC991AE5B1C500B3EDD2 /* LaunchScreen.xib in Resources */ = {isa = PBXBuildFile; fileRef = D034FC971AE5B1C500B3EDD2 /* LaunchScreen.xib */; };
		D034FCB21AE5B67B00B3EDD2 /* ViewController.swift in Sources */ = {isa = PBXBuildFile; fileRef = D034FCB11AE5B67B00B3EDD2 /* ViewController.swift */; };
		D034FCB51AE5B6AE00B3EDD2 /* TextCell.xib in Resources */ = {isa = PBXBuildFile; fileRef = D034FCB41AE5B6AE00B3EDD2 /* TextCell.xib */; };
		D034FCB81AE5BB6200B3EDD2 /* TextCell.swift in Sources */ = {isa = PBXBuildFile; fileRef = D034FCB61AE5BB6200B3EDD2 /* TextCell.swift */; };
		D034FCC21AE5BBF200B3EDD2 /* Message.swift in Sources */ = {isa = PBXBuildFile; fileRef = D034FCBF1AE5BBF200B3EDD2 /* Message.swift */; };
		D034FCC31AE5BBF200B3EDD2 /* CollectionViewDataSource.swift in Sources */ = {isa = PBXBuildFile; fileRef = D034FCC11AE5BBF200B3EDD2 /* CollectionViewDataSource.swift */; };
		D034FCC51AE5BC8100B3EDD2 /* User.swift in Sources */ = {isa = PBXBuildFile; fileRef = D034FCC41AE5BC8100B3EDD2 /* User.swift */; };
		D034FCCB1AE60A1A00B3EDD2 /* TuckMenu.swift in Sources */ = {isa = PBXBuildFile; fileRef = D034FCCA1AE60A1A00B3EDD2 /* TuckMenu.swift */; };
		D034FCCD1AE60EE900B3EDD2 /* IBReusableView.swift in Sources */ = {isa = PBXBuildFile; fileRef = D034FCCC1AE60EE900B3EDD2 /* IBReusableView.swift */; };
		D034FCCF1AE60F9200B3EDD2 /* TuckMenu.xib in Resources */ = {isa = PBXBuildFile; fileRef = D034FCCE1AE60F9200B3EDD2 /* TuckMenu.xib */; };
		D0DE389E1AE71D0000990BDB /* TuckMenuButton.swift in Sources */ = {isa = PBXBuildFile; fileRef = D0DE389D1AE71D0000990BDB /* TuckMenuButton.swift */; };
/* End PBXBuildFile section */

/* Begin PBXFileReference section */
		176DF86ABCF2F1A9E8700AF0 /* Pods.release.xcconfig */ = {isa = PBXFileReference; includeInIndex = 1; lastKnownFileType = text.xcconfig; name = Pods.release.xcconfig; path = "Pods/Target Support Files/Pods/Pods.release.xcconfig"; sourceTree = "<group>"; };
		99A02B8663F5114AE21F0CFD /* Pods.debug.xcconfig */ = {isa = PBXFileReference; includeInIndex = 1; lastKnownFileType = text.xcconfig; name = Pods.debug.xcconfig; path = "Pods/Target Support Files/Pods/Pods.debug.xcconfig"; sourceTree = "<group>"; };
		D034FC891AE5B1C500B3EDD2 /* SlackUX.app */ = {isa = PBXFileReference; explicitFileType = wrapper.application; includeInIndex = 0; path = SlackUX.app; sourceTree = BUILT_PRODUCTS_DIR; };
		D034FC8D1AE5B1C500B3EDD2 /* Info.plist */ = {isa = PBXFileReference; lastKnownFileType = text.plist.xml; path = Info.plist; sourceTree = "<group>"; };
		D034FC8E1AE5B1C500B3EDD2 /* AppDelegate.swift */ = {isa = PBXFileReference; lastKnownFileType = sourcecode.swift; path = AppDelegate.swift; sourceTree = "<group>"; };
		D034FC931AE5B1C500B3EDD2 /* Base */ = {isa = PBXFileReference; lastKnownFileType = file.storyboard; name = Base; path = Base.lproj/Main.storyboard; sourceTree = "<group>"; };
		D034FC951AE5B1C500B3EDD2 /* Images.xcassets */ = {isa = PBXFileReference; lastKnownFileType = folder.assetcatalog; path = Images.xcassets; sourceTree = "<group>"; };
		D034FC981AE5B1C500B3EDD2 /* Base */ = {isa = PBXFileReference; lastKnownFileType = file.xib; name = Base; path = Base.lproj/LaunchScreen.xib; sourceTree = "<group>"; };
		D034FCA31AE5B1C600B3EDD2 /* Info.plist */ = {isa = PBXFileReference; lastKnownFileType = text.plist.xml; path = Info.plist; sourceTree = "<group>"; };
		D034FCA41AE5B1C600B3EDD2 /* SlackUXTests.swift */ = {isa = PBXFileReference; lastKnownFileType = sourcecode.swift; path = SlackUXTests.swift; sourceTree = "<group>"; };
		D034FCB11AE5B67B00B3EDD2 /* ViewController.swift */ = {isa = PBXFileReference; fileEncoding = 4; lastKnownFileType = sourcecode.swift; name = ViewController.swift; path = Controllers/ViewController.swift; sourceTree = "<group>"; };
		D034FCB41AE5B6AE00B3EDD2 /* TextCell.xib */ = {isa = PBXFileReference; fileEncoding = 4; lastKnownFileType = file.xib; name = TextCell.xib; path = SlackUX/Views/TextCell.xib; sourceTree = "<group>"; };
		D034FCB61AE5BB6200B3EDD2 /* TextCell.swift */ = {isa = PBXFileReference; fileEncoding = 4; lastKnownFileType = sourcecode.swift; name = TextCell.swift; path = SlackUX/Views/TextCell.swift; sourceTree = "<group>"; };
		D034FCBF1AE5BBF200B3EDD2 /* Message.swift */ = {isa = PBXFileReference; fileEncoding = 4; lastKnownFileType = sourcecode.swift; path = Message.swift; sourceTree = "<group>"; };
		D034FCC11AE5BBF200B3EDD2 /* CollectionViewDataSource.swift */ = {isa = PBXFileReference; fileEncoding = 4; lastKnownFileType = sourcecode.swift; path = CollectionViewDataSource.swift; sourceTree = "<group>"; };
		D034FCC41AE5BC8100B3EDD2 /* User.swift */ = {isa = PBXFileReference; fileEncoding = 4; lastKnownFileType = sourcecode.swift; path = User.swift; sourceTree = "<group>"; };
		D034FCCA1AE60A1A00B3EDD2 /* TuckMenu.swift */ = {isa = PBXFileReference; fileEncoding = 4; lastKnownFileType = sourcecode.swift; name = TuckMenu.swift; path = SlackUX/Views/TuckMenu.swift; sourceTree = "<group>"; };
		D034FCCC1AE60EE900B3EDD2 /* IBReusableView.swift */ = {isa = PBXFileReference; fileEncoding = 4; lastKnownFileType = sourcecode.swift; name = IBReusableView.swift; path = SlackUX/Views/IBReusableView.swift; sourceTree = "<group>"; };
		D034FCCE1AE60F9200B3EDD2 /* TuckMenu.xib */ = {isa = PBXFileReference; fileEncoding = 4; lastKnownFileType = file.xib; name = TuckMenu.xib; path = SlackUX/Views/TuckMenu.xib; sourceTree = "<group>"; };
		D08011CF1AE76FC200003C95 /* SlackUX-Bridging-Header.h */ = {isa = PBXFileReference; lastKnownFileType = sourcecode.c.h; path = "SlackUX-Bridging-Header.h"; sourceTree = "<group>"; };
		D0DE389D1AE71D0000990BDB /* TuckMenuButton.swift */ = {isa = PBXFileReference; fileEncoding = 4; lastKnownFileType = sourcecode.swift; name = TuckMenuButton.swift; path = SlackUX/Views/TuckMenuButton.swift; sourceTree = "<group>"; };
		F0EB7DC3A3FB88FA952E82E7 /* libPods.a */ = {isa = PBXFileReference; explicitFileType = archive.ar; includeInIndex = 0; path = libPods.a; sourceTree = BUILT_PRODUCTS_DIR; };
/* End PBXFileReference section */

/* Begin PBXFrameworksBuildPhase section */
		D034FC861AE5B1C500B3EDD2 /* Frameworks */ = {
			isa = PBXFrameworksBuildPhase;
			buildActionMask = 2147483647;
			files = (
				3C040D63A438906FDDF4D4A7 /* libPods.a in Frameworks */,
			);
			runOnlyForDeploymentPostprocessing = 0;
		};
/* End PBXFrameworksBuildPhase section */

/* Begin PBXGroup section */
		7D4FDB062D0A2B2439B66763 /* Frameworks */ = {
			isa = PBXGroup;
			children = (
				F0EB7DC3A3FB88FA952E82E7 /* libPods.a */,
			);
			name = Frameworks;
			sourceTree = "<group>";
		};
		AC8D11F99B981C5628162077 /* Pods */ = {
			isa = PBXGroup;
			children = (
				99A02B8663F5114AE21F0CFD /* Pods.debug.xcconfig */,
				176DF86ABCF2F1A9E8700AF0 /* Pods.release.xcconfig */,
			);
			name = Pods;
			sourceTree = "<group>";
		};
		D034FC801AE5B1C500B3EDD2 = {
			isa = PBXGroup;
			children = (
				D034FC8B1AE5B1C500B3EDD2 /* SlackUX */,
				D034FCA11AE5B1C600B3EDD2 /* SlackUXTests */,
				D034FC8A1AE5B1C500B3EDD2 /* Products */,
				AC8D11F99B981C5628162077 /* Pods */,
				7D4FDB062D0A2B2439B66763 /* Frameworks */,
			);
			sourceTree = "<group>";
		};
		D034FC8A1AE5B1C500B3EDD2 /* Products */ = {
			isa = PBXGroup;
			children = (
				D034FC891AE5B1C500B3EDD2 /* SlackUX.app */,
			);
			name = Products;
			sourceTree = "<group>";
		};
		D034FC8B1AE5B1C500B3EDD2 /* SlackUX */ = {
			isa = PBXGroup;
			children = (
				D034FCBE1AE5BBF200B3EDD2 /* Models */,
				D034FCC01AE5BBF200B3EDD2 /* Objects */,
				D034FCAE1AE5B63A00B3EDD2 /* Views */,
				D034FC8E1AE5B1C500B3EDD2 /* AppDelegate.swift */,
				D034FCB31AE5B67F00B3EDD2 /* Controllers */,
				D034FC921AE5B1C500B3EDD2 /* Main.storyboard */,
				D034FC951AE5B1C500B3EDD2 /* Images.xcassets */,
				D034FC971AE5B1C500B3EDD2 /* LaunchScreen.xib */,
				D08011CF1AE76FC200003C95 /* SlackUX-Bridging-Header.h */,
				D034FC8C1AE5B1C500B3EDD2 /* Supporting Files */,
			);
			path = SlackUX;
			sourceTree = "<group>";
		};
		D034FC8C1AE5B1C500B3EDD2 /* Supporting Files */ = {
			isa = PBXGroup;
			children = (
				D034FC8D1AE5B1C500B3EDD2 /* Info.plist */,
			);
			name = "Supporting Files";
			sourceTree = "<group>";
		};
		D034FCA11AE5B1C600B3EDD2 /* SlackUXTests */ = {
			isa = PBXGroup;
			children = (
				D034FCA41AE5B1C600B3EDD2 /* SlackUXTests.swift */,
				D034FCA21AE5B1C600B3EDD2 /* Supporting Files */,
			);
			path = SlackUXTests;
			sourceTree = "<group>";
		};
		D034FCA21AE5B1C600B3EDD2 /* Supporting Files */ = {
			isa = PBXGroup;
			children = (
				D034FCA31AE5B1C600B3EDD2 /* Info.plist */,
			);
			name = "Supporting Files";
			sourceTree = "<group>";
		};
		D034FCAE1AE5B63A00B3EDD2 /* Views */ = {
			isa = PBXGroup;
			children = (
				D034FCCC1AE60EE900B3EDD2 /* IBReusableView.swift */,
				D034FCCE1AE60F9200B3EDD2 /* TuckMenu.xib */,
				D034FCB41AE5B6AE00B3EDD2 /* TextCell.xib */,
				D034FCB61AE5BB6200B3EDD2 /* TextCell.swift */,
				D034FCCA1AE60A1A00B3EDD2 /* TuckMenu.swift */,
				D0DE389D1AE71D0000990BDB /* TuckMenuButton.swift */,
			);
			name = Views;
			path = ..;
			sourceTree = "<group>";
		};
		D034FCB31AE5B67F00B3EDD2 /* Controllers */ = {
			isa = PBXGroup;
			children = (
				D034FCB11AE5B67B00B3EDD2 /* ViewController.swift */,
			);
			name = Controllers;
			sourceTree = "<group>";
		};
		D034FCBE1AE5BBF200B3EDD2 /* Models */ = {
			isa = PBXGroup;
			children = (
				D034FCBF1AE5BBF200B3EDD2 /* Message.swift */,
				D034FCC41AE5BC8100B3EDD2 /* User.swift */,
			);
			path = Models;
			sourceTree = "<group>";
		};
		D034FCC01AE5BBF200B3EDD2 /* Objects */ = {
			isa = PBXGroup;
			children = (
				D034FCC11AE5BBF200B3EDD2 /* CollectionViewDataSource.swift */,
			);
			path = Objects;
			sourceTree = "<group>";
		};
/* End PBXGroup section */

/* Begin PBXNativeTarget section */
		D034FC881AE5B1C500B3EDD2 /* SlackUX */ = {
			isa = PBXNativeTarget;
			buildConfigurationList = D034FCA81AE5B1C600B3EDD2 /* Build configuration list for PBXNativeTarget "SlackUX" */;
			buildPhases = (
				A5363656C7CCC88D09BB2DD2 /* Check Pods Manifest.lock */,
				D034FC851AE5B1C500B3EDD2 /* Sources */,
				D034FC861AE5B1C500B3EDD2 /* Frameworks */,
				D034FC871AE5B1C500B3EDD2 /* Resources */,
				1E7AF5C6B18E5BCF481E7265 /* Copy Pods Resources */,
			);
			buildRules = (
			);
			dependencies = (
			);
			name = SlackUX;
			productName = SlackUX;
			productReference = D034FC891AE5B1C500B3EDD2 /* SlackUX.app */;
			productType = "com.apple.product-type.application";
		};
/* End PBXNativeTarget section */

/* Begin PBXProject section */
		D034FC811AE5B1C500B3EDD2 /* Project object */ = {
			isa = PBXProject;
			attributes = {
				LastUpgradeCheck = 0630;
				ORGANIZATIONNAME = "Eithan Shavit";
				TargetAttributes = {
					D034FC881AE5B1C500B3EDD2 = {
						CreatedOnToolsVersion = 6.3;
						DevelopmentTeam = D78MW64VP8;
					};
				};
			};
			buildConfigurationList = D034FC841AE5B1C500B3EDD2 /* Build configuration list for PBXProject "SlackUX" */;
			compatibilityVersion = "Xcode 3.2";
			developmentRegion = English;
			hasScannedForEncodings = 0;
			knownRegions = (
				en,
				Base,
			);
			mainGroup = D034FC801AE5B1C500B3EDD2;
			productRefGroup = D034FC8A1AE5B1C500B3EDD2 /* Products */;
			projectDirPath = "";
			projectRoot = "";
			targets = (
				D034FC881AE5B1C500B3EDD2 /* SlackUX */,
			);
		};
/* End PBXProject section */

/* Begin PBXResourcesBuildPhase section */
		D034FC871AE5B1C500B3EDD2 /* Resources */ = {
			isa = PBXResourcesBuildPhase;
			buildActionMask = 2147483647;
			files = (
				D034FC941AE5B1C500B3EDD2 /* Main.storyboard in Resources */,
				D034FC991AE5B1C500B3EDD2 /* LaunchScreen.xib in Resources */,
				D034FC961AE5B1C500B3EDD2 /* Images.xcassets in Resources */,
				D034FCCF1AE60F9200B3EDD2 /* TuckMenu.xib in Resources */,
				D034FCB51AE5B6AE00B3EDD2 /* TextCell.xib in Resources */,
			);
			runOnlyForDeploymentPostprocessing = 0;
		};
/* End PBXResourcesBuildPhase section */

/* Begin PBXShellScriptBuildPhase section */
		1E7AF5C6B18E5BCF481E7265 /* Copy Pods Resources */ = {
			isa = PBXShellScriptBuildPhase;
			buildActionMask = 2147483647;
			files = (
			);
			inputPaths = (
			);
			name = "Copy Pods Resources";
			outputPaths = (
			);
			runOnlyForDeploymentPostprocessing = 0;
			shellPath = /bin/sh;
			shellScript = "\"${SRCROOT}/Pods/Target Support Files/Pods/Pods-resources.sh\"\n";
			showEnvVarsInLog = 0;
		};
		A5363656C7CCC88D09BB2DD2 /* Check Pods Manifest.lock */ = {
			isa = PBXShellScriptBuildPhase;
			buildActionMask = 2147483647;
			files = (
			);
			inputPaths = (
			);
			name = "Check Pods Manifest.lock";
			outputPaths = (
			);
			runOnlyForDeploymentPostprocessing = 0;
			shellPath = /bin/sh;
			shellScript = "diff \"${PODS_ROOT}/../Podfile.lock\" \"${PODS_ROOT}/Manifest.lock\" > /dev/null\nif [[ $? != 0 ]] ; then\n    cat << EOM\nerror: The sandbox is not in sync with the Podfile.lock. Run 'pod install' or update your CocoaPods installation.\nEOM\n    exit 1\nfi\n";
			showEnvVarsInLog = 0;
		};
/* End PBXShellScriptBuildPhase section */

/* Begin PBXSourcesBuildPhase section */
		D034FC851AE5B1C500B3EDD2 /* Sources */ = {
			isa = PBXSourcesBuildPhase;
			buildActionMask = 2147483647;
			files = (
				D034FCCD1AE60EE900B3EDD2 /* IBReusableView.swift in Sources */,
				D034FCC31AE5BBF200B3EDD2 /* CollectionViewDataSource.swift in Sources */,
				D034FCC51AE5BC8100B3EDD2 /* User.swift in Sources */,
				D034FCB21AE5B67B00B3EDD2 /* ViewController.swift in Sources */,
				D034FCCB1AE60A1A00B3EDD2 /* TuckMenu.swift in Sources */,
				D034FCB81AE5BB6200B3EDD2 /* TextCell.swift in Sources */,
				D034FCC21AE5BBF200B3EDD2 /* Message.swift in Sources */,
				D034FC8F1AE5B1C500B3EDD2 /* AppDelegate.swift in Sources */,
				D0DE389E1AE71D0000990BDB /* TuckMenuButton.swift in Sources */,
			);
			runOnlyForDeploymentPostprocessing = 0;
		};
/* End PBXSourcesBuildPhase section */

/* Begin PBXVariantGroup section */
		D034FC921AE5B1C500B3EDD2 /* Main.storyboard */ = {
			isa = PBXVariantGroup;
			children = (
				D034FC931AE5B1C500B3EDD2 /* Base */,
			);
			name = Main.storyboard;
			sourceTree = "<group>";
		};
		D034FC971AE5B1C500B3EDD2 /* LaunchScreen.xib */ = {
			isa = PBXVariantGroup;
			children = (
				D034FC981AE5B1C500B3EDD2 /* Base */,
			);
			name = LaunchScreen.xib;
			sourceTree = "<group>";
		};
/* End PBXVariantGroup section */

/* Begin XCBuildConfiguration section */
		D034FCA61AE5B1C600B3EDD2 /* Debug */ = {
			isa = XCBuildConfiguration;
			buildSettings = {
				ALWAYS_SEARCH_USER_PATHS = NO;
				CLANG_CXX_LANGUAGE_STANDARD = "gnu++0x";
				CLANG_CXX_LIBRARY = "libc++";
				CLANG_ENABLE_MODULES = YES;
				CLANG_ENABLE_OBJC_ARC = YES;
				CLANG_WARN_BOOL_CONVERSION = YES;
				CLANG_WARN_CONSTANT_CONVERSION = YES;
				CLANG_WARN_DIRECT_OBJC_ISA_USAGE = YES_ERROR;
				CLANG_WARN_EMPTY_BODY = YES;
				CLANG_WARN_ENUM_CONVERSION = YES;
				CLANG_WARN_INT_CONVERSION = YES;
				CLANG_WARN_OBJC_ROOT_CLASS = YES_ERROR;
				CLANG_WARN_UNREACHABLE_CODE = YES;
				CLANG_WARN__DUPLICATE_METHOD_MATCH = YES;
				"CODE_SIGN_IDENTITY[sdk=iphoneos*]" = "iPhone Developer";
				COPY_PHASE_STRIP = NO;
				DEBUG_INFORMATION_FORMAT = "dwarf-with-dsym";
				ENABLE_STRICT_OBJC_MSGSEND = YES;
				GCC_C_LANGUAGE_STANDARD = gnu99;
				GCC_DYNAMIC_NO_PIC = NO;
				GCC_NO_COMMON_BLOCKS = YES;
				GCC_OPTIMIZATION_LEVEL = 0;
				GCC_PREPROCESSOR_DEFINITIONS = (
					"DEBUG=1",
					"$(inherited)",
				);
				GCC_SYMBOLS_PRIVATE_EXTERN = NO;
				GCC_WARN_64_TO_32_BIT_CONVERSION = YES;
				GCC_WARN_ABOUT_RETURN_TYPE = YES_ERROR;
				GCC_WARN_UNDECLARED_SELECTOR = YES;
				GCC_WARN_UNINITIALIZED_AUTOS = YES_AGGRESSIVE;
				GCC_WARN_UNUSED_FUNCTION = YES;
				GCC_WARN_UNUSED_VARIABLE = YES;
				IPHONEOS_DEPLOYMENT_TARGET = 8.3;
				MTL_ENABLE_DEBUG_INFO = YES;
				ONLY_ACTIVE_ARCH = YES;
				SDKROOT = iphoneos;
				SWIFT_OBJC_BRIDGING_HEADER = "SlackUX/SlackUX-Bridging-Header.h";
				SWIFT_OPTIMIZATION_LEVEL = "-Onone";
			};
			name = Debug;
		};
		D034FCA71AE5B1C600B3EDD2 /* Release */ = {
			isa = XCBuildConfiguration;
			buildSettings = {
				ALWAYS_SEARCH_USER_PATHS = NO;
				CLANG_CXX_LANGUAGE_STANDARD = "gnu++0x";
				CLANG_CXX_LIBRARY = "libc++";
				CLANG_ENABLE_MODULES = YES;
				CLANG_ENABLE_OBJC_ARC = YES;
				CLANG_WARN_BOOL_CONVERSION = YES;
				CLANG_WARN_CONSTANT_CONVERSION = YES;
				CLANG_WARN_DIRECT_OBJC_ISA_USAGE = YES_ERROR;
				CLANG_WARN_EMPTY_BODY = YES;
				CLANG_WARN_ENUM_CONVERSION = YES;
				CLANG_WARN_INT_CONVERSION = YES;
				CLANG_WARN_OBJC_ROOT_CLASS = YES_ERROR;
				CLANG_WARN_UNREACHABLE_CODE = YES;
				CLANG_WARN__DUPLICATE_METHOD_MATCH = YES;
				"CODE_SIGN_IDENTITY[sdk=iphoneos*]" = "iPhone Developer";
				COPY_PHASE_STRIP = NO;
				DEBUG_INFORMATION_FORMAT = "dwarf-with-dsym";
				ENABLE_NS_ASSERTIONS = NO;
				ENABLE_STRICT_OBJC_MSGSEND = YES;
				GCC_C_LANGUAGE_STANDARD = gnu99;
				GCC_NO_COMMON_BLOCKS = YES;
				GCC_WARN_64_TO_32_BIT_CONVERSION = YES;
				GCC_WARN_ABOUT_RETURN_TYPE = YES_ERROR;
				GCC_WARN_UNDECLARED_SELECTOR = YES;
				GCC_WARN_UNINITIALIZED_AUTOS = YES_AGGRESSIVE;
				GCC_WARN_UNUSED_FUNCTION = YES;
				GCC_WARN_UNUSED_VARIABLE = YES;
				IPHONEOS_DEPLOYMENT_TARGET = 8.3;
				MTL_ENABLE_DEBUG_INFO = NO;
				SDKROOT = iphoneos;
				SWIFT_OBJC_BRIDGING_HEADER = "SlackUX/SlackUX-Bridging-Header.h";
				VALIDATE_PRODUCT = YES;
			};
			name = Release;
		};
		D034FCA91AE5B1C600B3EDD2 /* Debug */ = {
			isa = XCBuildConfiguration;
			baseConfigurationReference = 99A02B8663F5114AE21F0CFD /* Pods.debug.xcconfig */;
			buildSettings = {
				ASSETCATALOG_COMPILER_APPICON_NAME = AppIcon;
				CODE_SIGN_IDENTITY = "iPhone Developer";
				"CODE_SIGN_IDENTITY[sdk=iphoneos*]" = "iPhone Developer";
				INFOPLIST_FILE = SlackUX/Info.plist;
				LD_RUNPATH_SEARCH_PATHS = "$(inherited) @executable_path/Frameworks";
				PRODUCT_NAME = "$(TARGET_NAME)";
				PROVISIONING_PROFILE = "";
				USER_HEADER_SEARCH_PATHS = "Pods/**";
			};
			name = Debug;
		};
		D034FCAA1AE5B1C600B3EDD2 /* Release */ = {
			isa = XCBuildConfiguration;
			baseConfigurationReference = 176DF86ABCF2F1A9E8700AF0 /* Pods.release.xcconfig */;
			buildSettings = {
				ASSETCATALOG_COMPILER_APPICON_NAME = AppIcon;
				CODE_SIGN_IDENTITY = "iPhone Developer";
				"CODE_SIGN_IDENTITY[sdk=iphoneos*]" = "iPhone Developer";
				INFOPLIST_FILE = SlackUX/Info.plist;
				LD_RUNPATH_SEARCH_PATHS = "$(inherited) @executable_path/Frameworks";
				PRODUCT_NAME = "$(TARGET_NAME)";
				PROVISIONING_PROFILE = "";
				USER_HEADER_SEARCH_PATHS = "Pods/**";
			};
			name = Release;
		};
/* End XCBuildConfiguration section */

/* Begin XCConfigurationList section */
		D034FC841AE5B1C500B3EDD2 /* Build configuration list for PBXProject "SlackUX" */ = {
			isa = XCConfigurationList;
			buildConfigurations = (
				D034FCA61AE5B1C600B3EDD2 /* Debug */,
				D034FCA71AE5B1C600B3EDD2 /* Release */,
			);
			defaultConfigurationIsVisible = 0;
			defaultConfigurationName = Release;
		};
		D034FCA81AE5B1C600B3EDD2 /* Build configuration list for PBXNativeTarget "SlackUX" */ = {
			isa = XCConfigurationList;
			buildConfigurations = (
				D034FCA91AE5B1C600B3EDD2 /* Debug */,
				D034FCAA1AE5B1C600B3EDD2 /* Release */,
			);
			defaultConfigurationIsVisible = 0;
			defaultConfigurationName = Release;
		};
/* End XCConfigurationList section */
	};
	rootObject = D034FC811AE5B1C500B3EDD2 /* Project object */;
}
