// !$*UTF8*$!
{
	archiveVersion = 1;
	classes = {
	};
	objectVersion = 46;
	objects = {

/* Begin PBXBuildFile section */
		D034FC8F1AE5B1C500B3EDD2 /* AppDelegate.swift in Sources */ = {isa = PBXBuildFile; fileRef = D034FC8E1AE5B1C500B3EDD2 /* AppDelegate.swift */; };
		D034FC941AE5B1C500B3EDD2 /* Main.storyboard in Resources */ = {isa = PBXBuildFile; fileRef = D034FC921AE5B1C500B3EDD2 /* Main.storyboard */; };
		D034FC961AE5B1C500B3EDD2 /* Images.xcassets in Resources */ = {isa = PBXBuildFile; fileRef = D034FC951AE5B1C500B3EDD2 /* Images.xcassets */; };
		D034FC991AE5B1C500B3EDD2 /* LaunchScreen.xib in Resources */ = {isa = PBXBuildFile; fileRef = D034FC971AE5B1C500B3EDD2 /* LaunchScreen.xib */; };
		D034FCA51AE5B1C600B3EDD2 /* SlackUXTests.swift in Sources */ = {isa = PBXBuildFile; fileRef = D034FCA41AE5B1C600B3EDD2 /* SlackUXTests.swift */; };
		D034FCB21AE5B67B00B3EDD2 /* ViewController.swift in Sources */ = {isa = PBXBuildFile; fileRef = D034FCB11AE5B67B00B3EDD2 /* ViewController.swift */; };
		D034FCB51AE5B6AE00B3EDD2 /* TextCell.xib in Resources */ = {isa = PBXBuildFile; fileRef = D034FCB41AE5B6AE00B3EDD2 /* TextCell.xib */; };
		D034FCB81AE5BB6200B3EDD2 /* TextCell.swift in Sources */ = {isa = PBXBuildFile; fileRef = D034FCB61AE5BB6200B3EDD2 /* TextCell.swift */; };
		D034FCC21AE5BBF200B3EDD2 /* Message.swift in Sources */ = {isa = PBXBuildFile; fileRef = D034FCBF1AE5BBF200B3EDD2 /* Message.swift */; };
		D034FCC31AE5BBF200B3EDD2 /* CollectionViewDataSource.swift in Sources */ = {isa = PBXBuildFile; fileRef = D034FCC11AE5BBF200B3EDD2 /* CollectionViewDataSource.swift */; };
		D034FCC51AE5BC8100B3EDD2 /* User.swift in Sources */ = {isa = PBXBuildFile; fileRef = D034FCC41AE5BC8100B3EDD2 /* User.swift */; };
		D034FCCB1AE60A1A00B3EDD2 /* TuckMenu.swift in Sources */ = {isa = PBXBuildFile; fileRef = D034FCCA1AE60A1A00B3EDD2 /* TuckMenu.swift */; };
		D034FCCD1AE60EE900B3EDD2 /* IBReusableView.swift in Sources */ = {isa = PBXBuildFile; fileRef = D034FCCC1AE60EE900B3EDD2 /* IBReusableView.swift */; };
		D034FCCF1AE60F9200B3EDD2 /* TuckMenu.xib in Resources */ = {isa = PBXBuildFile; fileRef = D034FCCE1AE60F9200B3EDD2 /* TuckMenu.xib */; };
/* End PBXBuildFile section */

/* Begin PBXContainerItemProxy section */
		D034FC9F1AE5B1C600B3EDD2 /* PBXContainerItemProxy */ = {
			isa = PBXContainerItemProxy;
			containerPortal = D034FC811AE5B1C500B3EDD2 /* Project object */;
			proxyType = 1;
			remoteGlobalIDString = D034FC881AE5B1C500B3EDD2;
			remoteInfo = SlackUX;
		};
/* End PBXContainerItemProxy section */

/* Begin PBXFileReference section */
		D034FC891AE5B1C500B3EDD2 /* SlackUX.app */ = {isa = PBXFileReference; explicitFileType = wrapper.application; includeInIndex = 0; path = SlackUX.app; sourceTree = BUILT_PRODUCTS_DIR; };
		D034FC8D1AE5B1C500B3EDD2 /* Info.plist */ = {isa = PBXFileReference; lastKnownFileType = text.plist.xml; path = Info.plist; sourceTree = "<group>"; };
		D034FC8E1AE5B1C500B3EDD2 /* AppDelegate.swift */ = {isa = PBXFileReference; lastKnownFileType = sourcecode.swift; path = AppDelegate.swift; sourceTree = "<group>"; };
		D034FC931AE5B1C500B3EDD2 /* Base */ = {isa = PBXFileReference; lastKnownFileType = file.storyboard; name = Base; path = Base.lproj/Main.storyboard; sourceTree = "<group>"; };
		D034FC951AE5B1C500B3EDD2 /* Images.xcassets */ = {isa = PBXFileReference; lastKnownFileType = folder.assetcatalog; path = Images.xcassets; sourceTree = "<group>"; };
		D034FC981AE5B1C500B3EDD2 /* Base */ = {isa = PBXFileReference; lastKnownFileType = file.xib; name = Base; path = Base.lproj/LaunchScreen.xib; sourceTree = "<group>"; };
		D034FC9E1AE5B1C600B3EDD2 /* SlackUXTests.xctest */ = {isa = PBXFileReference; explicitFileType = wrapper.cfbundle; includeInIndex = 0; path = SlackUXTests.xctest; sourceTree = BUILT_PRODUCTS_DIR; };
		D034FCA31AE5B1C600B3EDD2 /* Info.plist */ = {isa = PBXFileReference; lastKnownFileType = text.plist.xml; path = Info.plist; sourceTree = "<group>"; };
		D034FCA41AE5B1C600B3EDD2 /* SlackUXTests.swift */ = {isa = PBXFileReference; lastKnownFileType = sourcecode.swift; path = SlackUXTests.swift; sourceTree = "<group>"; };
		D034FCB11AE5B67B00B3EDD2 /* ViewController.swift */ = {isa = PBXFileReference; fileEncoding = 4; lastKnownFileType = sourcecode.swift; name = ViewController.swift; path = Controllers/ViewController.swift; sourceTree = "<group>"; };
		D034FCB41AE5B6AE00B3EDD2 /* TextCell.xib */ = {isa = PBXFileReference; fileEncoding = 4; lastKnownFileType = file.xib; name = TextCell.xib; path = SlackUX/Views/TextCell.xib; sourceTree = "<group>"; };
		D034FCB61AE5BB6200B3EDD2 /* TextCell.swift */ = {isa = PBXFileReference; fileEncoding = 4; lastKnownFileType = sourcecode.swift; name = TextCell.swift; path = SlackUX/Views/TextCell.swift; sourceTree = "<group>"; };
		D034FCBF1AE5BBF200B3EDD2 /* Message.swift */ = {isa = PBXFileReference; fileEncoding = 4; lastKnownFileType = sourcecode.swift; path = Message.swift; sourceTree = "<group>"; };
		D034FCC11AE5BBF200B3EDD2 /* CollectionViewDataSource.swift */ = {isa = PBXFileReference; fileEncoding = 4; lastKnownFileType = sourcecode.swift; path = CollectionViewDataSource.swift; sourceTree = "<group>"; };
		D034FCC41AE5BC8100B3EDD2 /* User.swift */ = {isa = PBXFileReference; fileEncoding = 4; lastKnownFileType = sourcecode.swift; path = User.swift; sourceTree = "<group>"; };
		D034FCCA1AE60A1A00B3EDD2 /* TuckMenu.swift */ = {isa = PBXFileReference; fileEncoding = 4; lastKnownFileType = sourcecode.swift; name = TuckMenu.swift; path = SlackUX/Views/TuckMenu.swift; sourceTree = "<group>"; };
		D034FCCC1AE60EE900B3EDD2 /* IBReusableView.swift */ = {isa = PBXFileReference; fileEncoding = 4; lastKnownFileType = sourcecode.swift; name = IBReusableView.swift; path = SlackUX/Views/IBReusableView.swift; sourceTree = "<group>"; };
		D034FCCE1AE60F9200B3EDD2 /* TuckMenu.xib */ = {isa = PBXFileReference; fileEncoding = 4; lastKnownFileType = file.xib; name = TuckMenu.xib; path = SlackUX/Views/TuckMenu.xib; sourceTree = "<group>"; };
/* End PBXFileReference section */

/* Begin PBXFrameworksBuildPhase section */
		D034FC861AE5B1C500B3EDD2 /* Frameworks */ = {
			isa = PBXFrameworksBuildPhase;
			buildActionMask = 2147483647;
			files = (
			);
			runOnlyForDeploymentPostprocessing = 0;
		};
		D034FC9B1AE5B1C600B3EDD2 /* Frameworks */ = {
			isa = PBXFrameworksBuildPhase;
			buildActionMask = 2147483647;
			files = (
			);
			runOnlyForDeploymentPostprocessing = 0;
		};
/* End PBXFrameworksBuildPhase section */

/* Begin PBXGroup section */
		D034FC801AE5B1C500B3EDD2 = {
			isa = PBXGroup;
			children = (
				D034FCCC1AE60EE900B3EDD2 /* IBReusableView.swift */,
				D034FCCE1AE60F9200B3EDD2 /* TuckMenu.xib */,
				D034FC8B1AE5B1C500B3EDD2 /* SlackUX */,
				D034FCA11AE5B1C600B3EDD2 /* SlackUXTests */,
				D034FC8A1AE5B1C500B3EDD2 /* Products */,
			);
			sourceTree = "<group>";
		};
		D034FC8A1AE5B1C500B3EDD2 /* Products */ = {
			isa = PBXGroup;
			children = (
				D034FC891AE5B1C500B3EDD2 /* SlackUX.app */,
				D034FC9E1AE5B1C600B3EDD2 /* SlackUXTests.xctest */,
			);
			name = Products;
			sourceTree = "<group>";
		};
		D034FC8B1AE5B1C500B3EDD2 /* SlackUX */ = {
			isa = PBXGroup;
			children = (
				D034FCBE1AE5BBF200B3EDD2 /* Models */,
				D034FCC01AE5BBF200B3EDD2 /* Objects */,
				D034FCAE1AE5B63A00B3EDD2 /* Views */,
				D034FC8E1AE5B1C500B3EDD2 /* AppDelegate.swift */,
				D034FCB31AE5B67F00B3EDD2 /* Controllers */,
				D034FC921AE5B1C500B3EDD2 /* Main.storyboard */,
				D034FC951AE5B1C500B3EDD2 /* Images.xcassets */,
				D034FC971AE5B1C500B3EDD2 /* LaunchScreen.xib */,
				D034FC8C1AE5B1C500B3EDD2 /* Supporting Files */,
			);
			path = SlackUX;
			sourceTree = "<group>";
		};
		D034FC8C1AE5B1C500B3EDD2 /* Supporting Files */ = {
			isa = PBXGroup;
			children = (
				D034FC8D1AE5B1C500B3EDD2 /* Info.plist */,
			);
			name = "Supporting Files";
			sourceTree = "<group>";
		};
		D034FCA11AE5B1C600B3EDD2 /* SlackUXTests */ = {
			isa = PBXGroup;
			children = (
				D034FCA41AE5B1C600B3EDD2 /* SlackUXTests.swift */,
				D034FCA21AE5B1C600B3EDD2 /* Supporting Files */,
			);
			path = SlackUXTests;
			sourceTree = "<group>";
		};
		D034FCA21AE5B1C600B3EDD2 /* Supporting Files */ = {
			isa = PBXGroup;
			children = (
				D034FCA31AE5B1C600B3EDD2 /* Info.plist */,
			);
			name = "Supporting Files";
			sourceTree = "<group>";
		};
		D034FCAE1AE5B63A00B3EDD2 /* Views */ = {
			isa = PBXGroup;
			children = (
				D034FCB41AE5B6AE00B3EDD2 /* TextCell.xib */,
				D034FCB61AE5BB6200B3EDD2 /* TextCell.swift */,
				D034FCCA1AE60A1A00B3EDD2 /* TuckMenu.swift */,
			);
			name = Views;
			path = ..;
			sourceTree = "<group>";
		};
		D034FCB31AE5B67F00B3EDD2 /* Controllers */ = {
			isa = PBXGroup;
			children = (
				D034FCB11AE5B67B00B3EDD2 /* ViewController.swift */,
			);
			name = Controllers;
			sourceTree = "<group>";
		};
		D034FCBE1AE5BBF200B3EDD2 /* Models */ = {
			isa = PBXGroup;
			children = (
				D034FCBF1AE5BBF200B3EDD2 /* Message.swift */,
				D034FCC41AE5BC8100B3EDD2 /* User.swift */,
			);
			path = Models;
			sourceTree = "<group>";
		};
		D034FCC01AE5BBF200B3EDD2 /* Objects */ = {
			isa = PBXGroup;
			children = (
				D034FCC11AE5BBF200B3EDD2 /* CollectionViewDataSource.swift */,
			);
			path = Objects;
			sourceTree = "<group>";
		};
/* End PBXGroup section */

/* Begin PBXNativeTarget section */
		D034FC881AE5B1C500B3EDD2 /* SlackUX */ = {
			isa = PBXNativeTarget;
			buildConfigurationList = D034FCA81AE5B1C600B3EDD2 /* Build configuration list for PBXNativeTarget "SlackUX" */;
			buildPhases = (
				D034FC851AE5B1C500B3EDD2 /* Sources */,
				D034FC861AE5B1C500B3EDD2 /* Frameworks */,
				D034FC871AE5B1C500B3EDD2 /* Resources */,
			);
			buildRules = (
			);
			dependencies = (
			);
			name = SlackUX;
			productName = SlackUX;
			productReference = D034FC891AE5B1C500B3EDD2 /* SlackUX.app */;
			productType = "com.apple.product-type.application";
		};
		D034FC9D1AE5B1C600B3EDD2 /* SlackUXTests */ = {
			isa = PBXNativeTarget;
			buildConfigurationList = D034FCAB1AE5B1C600B3EDD2 /* Build configuration list for PBXNativeTarget "SlackUXTests" */;
			buildPhases = (
				D034FC9A1AE5B1C600B3EDD2 /* Sources */,
				D034FC9B1AE5B1C600B3EDD2 /* Frameworks */,
				D034FC9C1AE5B1C600B3EDD2 /* Resources */,
			);
			buildRules = (
			);
			dependencies = (
				D034FCA01AE5B1C600B3EDD2 /* PBXTargetDependency */,
			);
			name = SlackUXTests;
			productName = SlackUXTests;
			productReference = D034FC9E1AE5B1C600B3EDD2 /* SlackUXTests.xctest */;
			productType = "com.apple.product-type.bundle.unit-test";
		};
/* End PBXNativeTarget section */

/* Begin PBXProject section */
		D034FC811AE5B1C500B3EDD2 /* Project object */ = {
			isa = PBXProject;
			attributes = {
				LastUpgradeCheck = 0630;
				ORGANIZATIONNAME = "Eithan Shavit";
				TargetAttributes = {
					D034FC881AE5B1C500B3EDD2 = {
						CreatedOnToolsVersion = 6.3;
					};
					D034FC9D1AE5B1C600B3EDD2 = {
						CreatedOnToolsVersion = 6.3;
						TestTargetID = D034FC881AE5B1C500B3EDD2;
					};
				};
			};
			buildConfigurationList = D034FC841AE5B1C500B3EDD2 /* Build configuration list for PBXProject "SlackUX" */;
			compatibilityVersion = "Xcode 3.2";
			developmentRegion = English;
			hasScannedForEncodings = 0;
			knownRegions = (
				en,
				Base,
			);
			mainGroup = D034FC801AE5B1C500B3EDD2;
			productRefGroup = D034FC8A1AE5B1C500B3EDD2 /* Products */;
			projectDirPath = "";
			projectRoot = "";
			targets = (
				D034FC881AE5B1C500B3EDD2 /* SlackUX */,
				D034FC9D1AE5B1C600B3EDD2 /* SlackUXTests */,
			);
		};
/* End PBXProject section */

/* Begin PBXResourcesBuildPhase section */
		D034FC871AE5B1C500B3EDD2 /* Resources */ = {
			isa = PBXResourcesBuildPhase;
			buildActionMask = 2147483647;
			files = (
				D034FC941AE5B1C500B3EDD2 /* Main.storyboard in Resources */,
				D034FC991AE5B1C500B3EDD2 /* LaunchScreen.xib in Resources */,
				D034FC961AE5B1C500B3EDD2 /* Images.xcassets in Resources */,
				D034FCCF1AE60F9200B3EDD2 /* TuckMenu.xib in Resources */,
				D034FCB51AE5B6AE00B3EDD2 /* TextCell.xib in Resources */,
			);
			runOnlyForDeploymentPostprocessing = 0;
		};
		D034FC9C1AE5B1C600B3EDD2 /* Resources */ = {
			isa = PBXResourcesBuildPhase;
			buildActionMask = 2147483647;
			files = (
			);
			runOnlyForDeploymentPostprocessing = 0;
		};
/* End PBXResourcesBuildPhase section */

/* Begin PBXSourcesBuildPhase section */
		D034FC851AE5B1C500B3EDD2 /* Sources */ = {
			isa = PBXSourcesBuildPhase;
			buildActionMask = 2147483647;
			files = (
				D034FCCD1AE60EE900B3EDD2 /* IBReusableView.swift in Sources */,
				D034FCC31AE5BBF200B3EDD2 /* CollectionViewDataSource.swift in Sources */,
				D034FCC51AE5BC8100B3EDD2 /* User.swift in Sources */,
				D034FCB21AE5B67B00B3EDD2 /* ViewController.swift in Sources */,
				D034FCCB1AE60A1A00B3EDD2 /* TuckMenu.swift in Sources */,
				D034FCB81AE5BB6200B3EDD2 /* TextCell.swift in Sources */,
				D034FCC21AE5BBF200B3EDD2 /* Message.swift in Sources */,
				D034FC8F1AE5B1C500B3EDD2 /* AppDelegate.swift in Sources */,
			);
			runOnlyForDeploymentPostprocessing = 0;
		};
		D034FC9A1AE5B1C600B3EDD2 /* Sources */ = {
			isa = PBXSourcesBuildPhase;
			buildActionMask = 2147483647;
			files = (
				D034FCA51AE5B1C600B3EDD2 /* SlackUXTests.swift in Sources */,
			);
			runOnlyForDeploymentPostprocessing = 0;
		};
/* End PBXSourcesBuildPhase section */

/* Begin PBXTargetDependency section */
		D034FCA01AE5B1C600B3EDD2 /* PBXTargetDependency */ = {
			isa = PBXTargetDependency;
			target = D034FC881AE5B1C500B3EDD2 /* SlackUX */;
			targetProxy = D034FC9F1AE5B1C600B3EDD2 /* PBXContainerItemProxy */;
		};
/* End PBXTargetDependency section */

/* Begin PBXVariantGroup section */
		D034FC921AE5B1C500B3EDD2 /* Main.storyboard */ = {
			isa = PBXVariantGroup;
			children = (
				D034FC931AE5B1C500B3EDD2 /* Base */,
			);
			name = Main.storyboard;
			sourceTree = "<group>";
		};
		D034FC971AE5B1C500B3EDD2 /* LaunchScreen.xib */ = {
			isa = PBXVariantGroup;
			children = (
				D034FC981AE5B1C500B3EDD2 /* Base */,
			);
			name = LaunchScreen.xib;
			sourceTree = "<group>";
		};
/* End PBXVariantGroup section */

/* Begin XCBuildConfiguration section */
		D034FCA61AE5B1C600B3EDD2 /* Debug */ = {
			isa = XCBuildConfiguration;
			buildSettings = {
				ALWAYS_SEARCH_USER_PATHS = NO;
				CLANG_CXX_LANGUAGE_STANDARD = "gnu++0x";
				CLANG_CXX_LIBRARY = "libc++";
				CLANG_ENABLE_MODULES = YES;
				CLANG_ENABLE_OBJC_ARC = YES;
				CLANG_WARN_BOOL_CONVERSION = YES;
				CLANG_WARN_CONSTANT_CONVERSION = YES;
				CLANG_WARN_DIRECT_OBJC_ISA_USAGE = YES_ERROR;
				CLANG_WARN_EMPTY_BODY = YES;
				CLANG_WARN_ENUM_CONVERSION = YES;
				CLANG_WARN_INT_CONVERSION = YES;
				CLANG_WARN_OBJC_ROOT_CLASS = YES_ERROR;
				CLANG_WARN_UNREACHABLE_CODE = YES;
				CLANG_WARN__DUPLICATE_METHOD_MATCH = YES;
				"CODE_SIGN_IDENTITY[sdk=iphoneos*]" = "iPhone Developer";
				COPY_PHASE_STRIP = NO;
				DEBUG_INFORMATION_FORMAT = "dwarf-with-dsym";
				ENABLE_STRICT_OBJC_MSGSEND = YES;
				GCC_C_LANGUAGE_STANDARD = gnu99;
				GCC_DYNAMIC_NO_PIC = NO;
				GCC_NO_COMMON_BLOCKS = YES;
				GCC_OPTIMIZATION_LEVEL = 0;
				GCC_PREPROCESSOR_DEFINITIONS = (
					"DEBUG=1",
					"$(inherited)",
				);
				GCC_SYMBOLS_PRIVATE_EXTERN = NO;
				GCC_WARN_64_TO_32_BIT_CONVERSION = YES;
				GCC_WARN_ABOUT_RETURN_TYPE = YES_ERROR;
				GCC_WARN_UNDECLARED_SELECTOR = YES;
				GCC_WARN_UNINITIALIZED_AUTOS = YES_AGGRESSIVE;
				GCC_WARN_UNUSED_FUNCTION = YES;
				GCC_WARN_UNUSED_VARIABLE = YES;
				IPHONEOS_DEPLOYMENT_TARGET = 8.3;
				MTL_ENABLE_DEBUG_INFO = YES;
				ONLY_ACTIVE_ARCH = YES;
				SDKROOT = iphoneos;
				SWIFT_OPTIMIZATION_LEVEL = "-Onone";
			};
			name = Debug;
		};
		D034FCA71AE5B1C600B3EDD2 /* Release */ = {
			isa = XCBuildConfiguration;
			buildSettings = {
				ALWAYS_SEARCH_USER_PATHS = NO;
				CLANG_CXX_LANGUAGE_STANDARD = "gnu++0x";
				CLANG_CXX_LIBRARY = "libc++";
				CLANG_ENABLE_MODULES = YES;
				CLANG_ENABLE_OBJC_ARC = YES;
				CLANG_WARN_BOOL_CONVERSION = YES;
				CLANG_WARN_CONSTANT_CONVERSION = YES;
				CLANG_WARN_DIRECT_OBJC_ISA_USAGE = YES_ERROR;
				CLANG_WARN_EMPTY_BODY = YES;
				CLANG_WARN_ENUM_CONVERSION = YES;
				CLANG_WARN_INT_CONVERSION = YES;
				CLANG_WARN_OBJC_ROOT_CLASS = YES_ERROR;
				CLANG_WARN_UNREACHABLE_CODE = YES;
				CLANG_WARN__DUPLICATE_METHOD_MATCH = YES;
				"CODE_SIGN_IDENTITY[sdk=iphoneos*]" = "iPhone Developer";
				COPY_PHASE_STRIP = NO;
				DEBUG_INFORMATION_FORMAT = "dwarf-with-dsym";
				ENABLE_NS_ASSERTIONS = NO;
				ENABLE_STRICT_OBJC_MSGSEND = YES;
				GCC_C_LANGUAGE_STANDARD = gnu99;
				GCC_NO_COMMON_BLOCKS = YES;
				GCC_WARN_64_TO_32_BIT_CONVERSION = YES;
				GCC_WARN_ABOUT_RETURN_TYPE = YES_ERROR;
				GCC_WARN_UNDECLARED_SELECTOR = YES;
				GCC_WARN_UNINITIALIZED_AUTOS = YES_AGGRESSIVE;
				GCC_WARN_UNUSED_FUNCTION = YES;
				GCC_WARN_UNUSED_VARIABLE = YES;
				IPHONEOS_DEPLOYMENT_TARGET = 8.3;
				MTL_ENABLE_DEBUG_INFO = NO;
				SDKROOT = iphoneos;
				VALIDATE_PRODUCT = YES;
			};
			name = Release;
		};
		D034FCA91AE5B1C600B3EDD2 /* Debug */ = {
			isa = XCBuildConfiguration;
			buildSettings = {
				ASSETCATALOG_COMPILER_APPICON_NAME = AppIcon;
				INFOPLIST_FILE = SlackUX/Info.plist;
				LD_RUNPATH_SEARCH_PATHS = "$(inherited) @executable_path/Frameworks";
				PRODUCT_NAME = "$(TARGET_NAME)";
			};
			name = Debug;
		};
		D034FCAA1AE5B1C600B3EDD2 /* Release */ = {
			isa = XCBuildConfiguration;
			buildSettings = {
				ASSETCATALOG_COMPILER_APPICON_NAME = AppIcon;
				INFOPLIST_FILE = SlackUX/Info.plist;
				LD_RUNPATH_SEARCH_PATHS = "$(inherited) @executable_path/Frameworks";
				PRODUCT_NAME = "$(TARGET_NAME)";
			};
			name = Release;
		};
		D034FCAC1AE5B1C600B3EDD2 /* Debug */ = {
			isa = XCBuildConfiguration;
			buildSettings = {
				BUNDLE_LOADER = "$(TEST_HOST)";
				FRAMEWORK_SEARCH_PATHS = (
					"$(SDKROOT)/Developer/Library/Frameworks",
					"$(inherited)",
				);
				GCC_PREPROCESSOR_DEFINITIONS = (
					"DEBUG=1",
					"$(inherited)",
				);
				INFOPLIST_FILE = SlackUXTests/Info.plist;
				LD_RUNPATH_SEARCH_PATHS = "$(inherited) @executable_path/Frameworks @loader_path/Frameworks";
				PRODUCT_NAME = "$(TARGET_NAME)";
				TEST_HOST = "$(BUILT_PRODUCTS_DIR)/SlackUX.app/SlackUX";
			};
			name = Debug;
		};
		D034FCAD1AE5B1C600B3EDD2 /* Release */ = {
			isa = XCBuildConfiguration;
			buildSettings = {
				BUNDLE_LOADER = "$(TEST_HOST)";
				FRAMEWORK_SEARCH_PATHS = (
					"$(SDKROOT)/Developer/Library/Frameworks",
					"$(inherited)",
				);
				INFOPLIST_FILE = SlackUXTests/Info.plist;
				LD_RUNPATH_SEARCH_PATHS = "$(inherited) @executable_path/Frameworks @loader_path/Frameworks";
				PRODUCT_NAME = "$(TARGET_NAME)";
				TEST_HOST = "$(BUILT_PRODUCTS_DIR)/SlackUX.app/SlackUX";
			};
			name = Release;
		};
/* End XCBuildConfiguration section */

/* Begin XCConfigurationList section */
		D034FC841AE5B1C500B3EDD2 /* Build configuration list for PBXProject "SlackUX" */ = {
			isa = XCConfigurationList;
			buildConfigurations = (
				D034FCA61AE5B1C600B3EDD2 /* Debug */,
				D034FCA71AE5B1C600B3EDD2 /* Release */,
			);
			defaultConfigurationIsVisible = 0;
			defaultConfigurationName = Release;
		};
		D034FCA81AE5B1C600B3EDD2 /* Build configuration list for PBXNativeTarget "SlackUX" */ = {
			isa = XCConfigurationList;
			buildConfigurations = (
				D034FCA91AE5B1C600B3EDD2 /* Debug */,
				D034FCAA1AE5B1C600B3EDD2 /* Release */,
			);
			defaultConfigurationIsVisible = 0;
		};
		D034FCAB1AE5B1C600B3EDD2 /* Build configuration list for PBXNativeTarget "SlackUXTests" */ = {
			isa = XCConfigurationList;
			buildConfigurations = (
				D034FCAC1AE5B1C600B3EDD2 /* Debug */,
				D034FCAD1AE5B1C600B3EDD2 /* Release */,
			);
			defaultConfigurationIsVisible = 0;
		};
/* End XCConfigurationList section */
	};
	rootObject = D034FC811AE5B1C500B3EDD2 /* Project object */;
}
